
Microsoft Visual Studio Solution File, Format Version 12.00
# Visual Studio Version 17
VisualStudioVersion = 17.0.31903.59
MinimumVisualStudioVersion = 10.0.40219.1
Project("{8BC9CEB8-8B4A-11D0-8D11-00A0C91BC942}") = "Class1", "Class1\Class1.vcxproj", "{E1792F4C-207B-407D-B086-98948DDBB966}"
EndProject
Project("{8BC9CEB8-8B4A-11D0-8D11-00A0C91BC942}") = "Class2", "Class2\Class2.vcxproj", "{69381E76-7D09-423D-8515-86A944F526F4}"
EndProject
Project("{8BC9CEB8-8B4A-11D0-8D11-00A0C91BC942}") = "Class4-SABR", "Class4-SABR\Class4-SABR.vcxproj", "{6B55B9B7-EAC3-4791-9C61-43BDA02CD823}"
EndProject
Project("{8BC9CEB8-8B4A-11D0-8D11-00A0C91BC942}") = "Class3-Matrix", "Class3-Matrix\Class3-Matrix.vcxproj", "{9BAA14CE-31D4-4FC7-8A12-322ED36F1DCF}"
EndProject
Project("{8BC9CEB8-8B4A-11D0-8D11-00A0C91BC942}") = "Class3-Main", "Class3-Main\Class3-Main.vcxproj", "{4B9AA6C7-9F64-4DEC-984F-888D56CBB1B9}"
EndProject
Project("{8BC9CEB8-8B4A-11D0-8D11-00A0C91BC942}") = "Class4-Matrix", "Class4-Matrix\Class4-Matrix.vcxproj", "{21260473-A0BD-4E74-AF28-0484DD5513F8}"
EndProject
Project("{8BC9CEB8-8B4A-11D0-8D11-00A0C91BC942}") = "Class4-PayOff", "Class4-PayOff\Class4-PayOff.vcxproj", "{8972B58B-F5C4-4E7C-AB4C-14A24510DA24}"
EndProject
Global
	GlobalSection(SolutionConfigurationPlatforms) = preSolution
		Debug|x64 = Debug|x64
		Debug|x86 = Debug|x86
		Release|x64 = Release|x64
		Release|x86 = Release|x86
	EndGlobalSection
	GlobalSection(ProjectConfigurationPlatforms) = postSolution
		{E1792F4C-207B-407D-B086-98948DDBB966}.Debug|x64.ActiveCfg = Debug|x64
		{E1792F4C-207B-407D-B086-98948DDBB966}.Debug|x64.Build.0 = Debug|x64
		{E1792F4C-207B-407D-B086-98948DDBB966}.Debug|x86.ActiveCfg = Debug|Win32
		{E1792F4C-207B-407D-B086-98948DDBB966}.Debug|x86.Build.0 = Debug|Win32
		{E1792F4C-207B-407D-B086-98948DDBB966}.Release|x64.ActiveCfg = Release|x64
		{E1792F4C-207B-407D-B086-98948DDBB966}.Release|x64.Build.0 = Release|x64
		{E1792F4C-207B-407D-B086-98948DDBB966}.Release|x86.ActiveCfg = Release|Win32
		{E1792F4C-207B-407D-B086-98948DDBB966}.Release|x86.Build.0 = Release|Win32
		{69381E76-7D09-423D-8515-86A944F526F4}.Debug|x64.ActiveCfg = Debug|x64
		{69381E76-7D09-423D-8515-86A944F526F4}.Debug|x64.Build.0 = Debug|x64
		{69381E76-7D09-423D-8515-86A944F526F4}.Debug|x86.ActiveCfg = Debug|Win32
		{69381E76-7D09-423D-8515-86A944F526F4}.Debug|x86.Build.0 = Debug|Win32
		{69381E76-7D09-423D-8515-86A944F526F4}.Release|x64.ActiveCfg = Release|x64
		{69381E76-7D09-423D-8515-86A944F526F4}.Release|x64.Build.0 = Release|x64
		{69381E76-7D09-423D-8515-86A944F526F4}.Release|x86.ActiveCfg = Release|Win32
		{69381E76-7D09-423D-8515-86A944F526F4}.Release|x86.Build.0 = Release|Win32
		{6B55B9B7-EAC3-4791-9C61-43BDA02CD823}.Debug|x64.ActiveCfg = Debug|x64
		{6B55B9B7-EAC3-4791-9C61-43BDA02CD823}.Debug|x64.Build.0 = Debug|x64
		{6B55B9B7-EAC3-4791-9C61-43BDA02CD823}.Debug|x86.ActiveCfg = Debug|Win32
		{6B55B9B7-EAC3-4791-9C61-43BDA02CD823}.Debug|x86.Build.0 = Debug|Win32
		{6B55B9B7-EAC3-4791-9C61-43BDA02CD823}.Release|x64.ActiveCfg = Release|x64
		{6B55B9B7-EAC3-4791-9C61-43BDA02CD823}.Release|x64.Build.0 = Release|x64
		{6B55B9B7-EAC3-4791-9C61-43BDA02CD823}.Release|x86.ActiveCfg = Release|Win32
		{6B55B9B7-EAC3-4791-9C61-43BDA02CD823}.Release|x86.Build.0 = Release|Win32
		{9BAA14CE-31D4-4FC7-8A12-322ED36F1DCF}.Debug|x64.ActiveCfg = Debug|x64
		{9BAA14CE-31D4-4FC7-8A12-322ED36F1DCF}.Debug|x64.Build.0 = Debug|x64
		{9BAA14CE-31D4-4FC7-8A12-322ED36F1DCF}.Debug|x86.ActiveCfg = Debug|Win32
		{9BAA14CE-31D4-4FC7-8A12-322ED36F1DCF}.Debug|x86.Build.0 = Debug|Win32
		{9BAA14CE-31D4-4FC7-8A12-322ED36F1DCF}.Release|x64.ActiveCfg = Release|x64
		{9BAA14CE-31D4-4FC7-8A12-322ED36F1DCF}.Release|x64.Build.0 = Release|x64
		{9BAA14CE-31D4-4FC7-8A12-322ED36F1DCF}.Release|x86.ActiveCfg = Release|Win32
		{9BAA14CE-31D4-4FC7-8A12-322ED36F1DCF}.Release|x86.Build.0 = Release|Win32
		{4B9AA6C7-9F64-4DEC-984F-888D56CBB1B9}.Debug|x64.ActiveCfg = Debug|x64
		{4B9AA6C7-9F64-4DEC-984F-888D56CBB1B9}.Debug|x64.Build.0 = Debug|x64
		{4B9AA6C7-9F64-4DEC-984F-888D56CBB1B9}.Debug|x86.ActiveCfg = Debug|Win32
		{4B9AA6C7-9F64-4DEC-984F-888D56CBB1B9}.Debug|x86.Build.0 = Debug|Win32
		{4B9AA6C7-9F64-4DEC-984F-888D56CBB1B9}.Release|x64.ActiveCfg = Release|x64
		{4B9AA6C7-9F64-4DEC-984F-888D56CBB1B9}.Release|x64.Build.0 = Release|x64
		{4B9AA6C7-9F64-4DEC-984F-888D56CBB1B9}.Release|x86.ActiveCfg = Release|Win32
		{4B9AA6C7-9F64-4DEC-984F-888D56CBB1B9}.Release|x86.Build.0 = Release|Win32
		{21260473-A0BD-4E74-AF28-0484DD5513F8}.Debug|x64.ActiveCfg = Debug|x64
		{21260473-A0BD-4E74-AF28-0484DD5513F8}.Debug|x64.Build.0 = Debug|x64
		{21260473-A0BD-4E74-AF28-0484DD5513F8}.Debug|x86.ActiveCfg = Debug|Win32
		{21260473-A0BD-4E74-AF28-0484DD5513F8}.Debug|x86.Build.0 = Debug|Win32
		{21260473-A0BD-4E74-AF28-0484DD5513F8}.Release|x64.ActiveCfg = Release|x64
		{21260473-A0BD-4E74-AF28-0484DD5513F8}.Release|x64.Build.0 = Release|x64
		{21260473-A0BD-4E74-AF28-0484DD5513F8}.Release|x86.ActiveCfg = Release|Win32
		{21260473-A0BD-4E74-AF28-0484DD5513F8}.Release|x86.Build.0 = Release|Win32
		{8972B58B-F5C4-4E7C-AB4C-14A24510DA24}.Debug|x64.ActiveCfg = Debug|x64
		{8972B58B-F5C4-4E7C-AB4C-14A24510DA24}.Debug|x64.Build.0 = Debug|x64
		{8972B58B-F5C4-4E7C-AB4C-14A24510DA24}.Debug|x86.ActiveCfg = Debug|Win32
		{8972B58B-F5C4-4E7C-AB4C-14A24510DA24}.Debug|x86.Build.0 = Debug|Win32
		{8972B58B-F5C4-4E7C-AB4C-14A24510DA24}.Release|x64.ActiveCfg = Release|x64
		{8972B58B-F5C4-4E7C-AB4C-14A24510DA24}.Release|x64.Build.0 = Release|x64
		{8972B58B-F5C4-4E7C-AB4C-14A24510DA24}.Release|x86.ActiveCfg = Release|Win32
		{8972B58B-F5C4-4E7C-AB4C-14A24510DA24}.Release|x86.Build.0 = Release|Win32
	EndGlobalSection
	GlobalSection(SolutionProperties) = preSolution
		HideSolutionNode = FALSE
	EndGlobalSection
	GlobalSection(ExtensibilityGlobals) = postSolution
		SolutionGuid = {39406F2D-1038-4BF8-A2B8-4D43FDD0D58D}
	EndGlobalSection
EndGlobal
